
Microsoft Visual Studio Solution File, Format Version 12.00
# Visual Studio 2013
VisualStudioVersion = 12.0.31101.0
MinimumVisualStudioVersion = 10.0.40219.1
Project("{FAE04EC0-301F-11D3-BF4B-00C04F79EFBC}") = "ArduinoLibCSharp.SketchUploader", "ArduinoLibCSharp.SketchUploader\ArduinoLibCSharp.SketchUploader.csproj", "{CD54FE6B-41A0-4E53-8BBE-D0FD7EFE635C}"
EndProject
Project("{2150E333-8FDC-42A3-9474-1A3956D46DE8}") = "Command Line Utilities", "Command Line Utilities", "{F8A74410-BC27-4BA7-82E2-66486AAA1D08}"
EndProject
Project("{2150E333-8FDC-42A3-9474-1A3956D46DE8}") = "Libraries", "Libraries", "{21F7D77A-B524-4E67-B032-5AA9A37BB107}"
EndProject
Project("{FAE04EC0-301F-11D3-BF4B-00C04F79EFBC}") = "ArduinoLibCSharp.ArduinoDriver", "ArduinoLibCSharp.ArduinoDriver\ArduinoLibCSharp.ArduinoDriver.csproj", "{1FE32CD3-938F-40A7-B0A5-75CF0A7254D7}"
EndProject
Project("{FAE04EC0-301F-11D3-BF4B-00C04F79EFBC}") = "ArduinoLibCSharp.IntelHexFormatReader", "ArduinoLibCSharp.IntelHexFormatReader\ArduinoLibCSharp.IntelHexFormatReader.csproj", "{985D52BA-02D7-4EB5-8AF2-8A4D4B94C9F8}"
EndProject
Project("{FAE04EC0-301F-11D3-BF4B-00C04F79EFBC}") = "ArduinoLibCSharp.ArduinoUploader", "ArduinoLibCSharp.ArduinoUploader\ArduinoLibCSharp.ArduinoUploader.csproj", "{F6FD5F7B-1ED6-4327-B69D-9FAF384F1A5D}"
EndProject
Project("{2150E333-8FDC-42A3-9474-1A3956D46DE8}") = "Sample Code", "Sample Code", "{CA9C6727-9E34-4382-ABA3-2ECED485DC51}"
EndProject
Project("{FAE04EC0-301F-11D3-BF4B-00C04F79EFBC}") = "ArduinoLibCSharp.Samples.SMBTune", "ArduinoLibCSharp.Samples.SMBTune\ArduinoLibCSharp.Samples.SMBTune.csproj", "{0E5DBA42-2330-4C41-9826-146C3BBC367D}"
EndProject
Project("{FAE04EC0-301F-11D3-BF4B-00C04F79EFBC}") = "ArduinoLibCSharp.IntelHexFormatReader.Tests", "ArduinoLibCSharp.IntelHexFormatReader.Tests\ArduinoLibCSharp.IntelHexFormatReader.Tests.csproj", "{5EFC29E0-2DCC-43EC-B066-CC99CF857EAD}"
EndProject
Project("{2150E333-8FDC-42A3-9474-1A3956D46DE8}") = ".nuget", ".nuget", "{10324F26-3E9C-499F-9768-F5856B03331E}"
	ProjectSection(SolutionItems) = preProject
		.nuget\NuGet.Config = .nuget\NuGet.Config
		.nuget\NuGet.exe = .nuget\NuGet.exe
		.nuget\NuGet.targets = .nuget\NuGet.targets
	EndProjectSection
EndProject
Global
	GlobalSection(SolutionConfigurationPlatforms) = preSolution
		Debug|Any CPU = Debug|Any CPU
		Release|Any CPU = Release|Any CPU
	EndGlobalSection
	GlobalSection(ProjectConfigurationPlatforms) = postSolution
		{CD54FE6B-41A0-4E53-8BBE-D0FD7EFE635C}.Debug|Any CPU.ActiveCfg = Debug|Any CPU
		{CD54FE6B-41A0-4E53-8BBE-D0FD7EFE635C}.Debug|Any CPU.Build.0 = Debug|Any CPU
		{CD54FE6B-41A0-4E53-8BBE-D0FD7EFE635C}.Release|Any CPU.ActiveCfg = Release|Any CPU
		{CD54FE6B-41A0-4E53-8BBE-D0FD7EFE635C}.Release|Any CPU.Build.0 = Release|Any CPU
		{1FE32CD3-938F-40A7-B0A5-75CF0A7254D7}.Debug|Any CPU.ActiveCfg = Debug|Any CPU
		{1FE32CD3-938F-40A7-B0A5-75CF0A7254D7}.Debug|Any CPU.Build.0 = Debug|Any CPU
		{1FE32CD3-938F-40A7-B0A5-75CF0A7254D7}.Release|Any CPU.ActiveCfg = Release|Any CPU
		{1FE32CD3-938F-40A7-B0A5-75CF0A7254D7}.Release|Any CPU.Build.0 = Release|Any CPU
		{985D52BA-02D7-4EB5-8AF2-8A4D4B94C9F8}.Debug|Any CPU.ActiveCfg = Debug|Any CPU
		{985D52BA-02D7-4EB5-8AF2-8A4D4B94C9F8}.Debug|Any CPU.Build.0 = Debug|Any CPU
		{985D52BA-02D7-4EB5-8AF2-8A4D4B94C9F8}.Release|Any CPU.ActiveCfg = Release|Any CPU
		{985D52BA-02D7-4EB5-8AF2-8A4D4B94C9F8}.Release|Any CPU.Build.0 = Release|Any CPU
		{F6FD5F7B-1ED6-4327-B69D-9FAF384F1A5D}.Debug|Any CPU.ActiveCfg = Debug|Any CPU
		{F6FD5F7B-1ED6-4327-B69D-9FAF384F1A5D}.Debug|Any CPU.Build.0 = Debug|Any CPU
		{F6FD5F7B-1ED6-4327-B69D-9FAF384F1A5D}.Release|Any CPU.ActiveCfg = Release|Any CPU
		{F6FD5F7B-1ED6-4327-B69D-9FAF384F1A5D}.Release|Any CPU.Build.0 = Release|Any CPU
		{0E5DBA42-2330-4C41-9826-146C3BBC367D}.Debug|Any CPU.ActiveCfg = Debug|Any CPU
		{0E5DBA42-2330-4C41-9826-146C3BBC367D}.Debug|Any CPU.Build.0 = Debug|Any CPU
		{0E5DBA42-2330-4C41-9826-146C3BBC367D}.Release|Any CPU.ActiveCfg = Release|Any CPU
		{0E5DBA42-2330-4C41-9826-146C3BBC367D}.Release|Any CPU.Build.0 = Release|Any CPU
		{5EFC29E0-2DCC-43EC-B066-CC99CF857EAD}.Debug|Any CPU.ActiveCfg = Debug|Any CPU
		{5EFC29E0-2DCC-43EC-B066-CC99CF857EAD}.Debug|Any CPU.Build.0 = Debug|Any CPU
		{5EFC29E0-2DCC-43EC-B066-CC99CF857EAD}.Release|Any CPU.ActiveCfg = Release|Any CPU
		{5EFC29E0-2DCC-43EC-B066-CC99CF857EAD}.Release|Any CPU.Build.0 = Release|Any CPU
	EndGlobalSection
	GlobalSection(SolutionProperties) = preSolution
		HideSolutionNode = FALSE
	EndGlobalSection
	GlobalSection(NestedProjects) = preSolution
		{CD54FE6B-41A0-4E53-8BBE-D0FD7EFE635C} = {F8A74410-BC27-4BA7-82E2-66486AAA1D08}
		{1FE32CD3-938F-40A7-B0A5-75CF0A7254D7} = {21F7D77A-B524-4E67-B032-5AA9A37BB107}
		{985D52BA-02D7-4EB5-8AF2-8A4D4B94C9F8} = {21F7D77A-B524-4E67-B032-5AA9A37BB107}
		{F6FD5F7B-1ED6-4327-B69D-9FAF384F1A5D} = {21F7D77A-B524-4E67-B032-5AA9A37BB107}
		{0E5DBA42-2330-4C41-9826-146C3BBC367D} = {CA9C6727-9E34-4382-ABA3-2ECED485DC51}
		{5EFC29E0-2DCC-43EC-B066-CC99CF857EAD} = {21F7D77A-B524-4E67-B032-5AA9A37BB107}
	EndGlobalSection
EndGlobal
