
Microsoft Visual Studio Solution File, Format Version 12.00
# Visual Studio 2013
VisualStudioVersion = 12.0.31101.0
MinimumVisualStudioVersion = 10.0.40219.1
Project("{2150E333-8FDC-42A3-9474-1A3956D46DE8}") = "Library", "Library", "{21F7D77A-B524-4E67-B032-5AA9A37BB107}"
EndProject
Project("{FAE04EC0-301F-11D3-BF4B-00C04F79EFBC}") = "ArduinoDriver", "ArduinoDriver\ArduinoDriver.csproj", "{1FE32CD3-938F-40A7-B0A5-75CF0A7254D7}"
EndProject
Project("{2150E333-8FDC-42A3-9474-1A3956D46DE8}") = "Sample Code", "Sample Code", "{CA9C6727-9E34-4382-ABA3-2ECED485DC51}"
EndProject
Project("{FAE04EC0-301F-11D3-BF4B-00C04F79EFBC}") = "ArduinoDriver.Samples.SMBTune", "ArduinoDriver.Samples.SMBTune\ArduinoDriver.Samples.SMBTune.csproj", "{0E5DBA42-2330-4C41-9826-146C3BBC367D}"
EndProject
Global
	GlobalSection(SolutionConfigurationPlatforms) = preSolution
		Debug|Any CPU = Debug|Any CPU
		Release|Any CPU = Release|Any CPU
	EndGlobalSection
	GlobalSection(ProjectConfigurationPlatforms) = postSolution
		{1FE32CD3-938F-40A7-B0A5-75CF0A7254D7}.Debug|Any CPU.ActiveCfg = Debug|Any CPU
		{1FE32CD3-938F-40A7-B0A5-75CF0A7254D7}.Debug|Any CPU.Build.0 = Debug|Any CPU
		{1FE32CD3-938F-40A7-B0A5-75CF0A7254D7}.Release|Any CPU.ActiveCfg = Release|Any CPU
		{1FE32CD3-938F-40A7-B0A5-75CF0A7254D7}.Release|Any CPU.Build.0 = Release|Any CPU
		{0E5DBA42-2330-4C41-9826-146C3BBC367D}.Debug|Any CPU.ActiveCfg = Debug|Any CPU
		{0E5DBA42-2330-4C41-9826-146C3BBC367D}.Debug|Any CPU.Build.0 = Debug|Any CPU
		{0E5DBA42-2330-4C41-9826-146C3BBC367D}.Release|Any CPU.ActiveCfg = Release|Any CPU
		{0E5DBA42-2330-4C41-9826-146C3BBC367D}.Release|Any CPU.Build.0 = Release|Any CPU
	EndGlobalSection
	GlobalSection(SolutionProperties) = preSolution
		HideSolutionNode = FALSE
	EndGlobalSection
	GlobalSection(NestedProjects) = preSolution
		{1FE32CD3-938F-40A7-B0A5-75CF0A7254D7} = {21F7D77A-B524-4E67-B032-5AA9A37BB107}
		{0E5DBA42-2330-4C41-9826-146C3BBC367D} = {CA9C6727-9E34-4382-ABA3-2ECED485DC51}
	EndGlobalSection
EndGlobal
